{
  "originHash" : "783e1e60fdafd79ef2bb8898a425bd22d6815fc15e232b1d7d65a4cba67a0ebf",
  "pins" : [
    {
      "identity" : "defaults",
      "kind" : "remoteSourceControl",
      "location" : "https://github.com/sindresorhus/Defaults",
      "state" : {
        "branch" : "main",
        "revision" : "23e0a4497e844db64e12740e2ab4a632857d3de6"
      }
    },
    {
      "identity" : "hotkey",
      "kind" : "remoteSourceControl",
      "location" : "https://github.com/soffes/HotKey",
      "state" : {
        "branch" : "main",
        "revision" : "4d02d80de143d69b7eeb5962729591a157a57ede"
      }
    }
  ],
  "version" : 3
}
